
Microsoft Visual Studio Solution File, Format Version 12.00
# Visual Studio Version 17
VisualStudioVersion = 17.1.32228.430
MinimumVisualStudioVersion = 10.0.40219.1
Project("{FAE04EC0-301F-11D3-BF4B-00C04F79EFBC}") = "070422", "070422\070422.csproj", "{B905D8FA-823E-43AA-9C4C-2F12E5BB9C45}"
EndProject
Global
	GlobalSection(SolutionConfigurationPlatforms) = preSolution
		Debug|Any CPU = Debug|Any CPU
		Release|Any CPU = Release|Any CPU
	EndGlobalSection
	GlobalSection(ProjectConfigurationPlatforms) = postSolution
		{B905D8FA-823E-43AA-9C4C-2F12E5BB9C45}.Debug|Any CPU.ActiveCfg = Debug|Any CPU
		{B905D8FA-823E-43AA-9C4C-2F12E5BB9C45}.Debug|Any CPU.Build.0 = Debug|Any CPU
		{B905D8FA-823E-43AA-9C4C-2F12E5BB9C45}.Release|Any CPU.ActiveCfg = Release|Any CPU
		{B905D8FA-823E-43AA-9C4C-2F12E5BB9C45}.Release|Any CPU.Build.0 = Release|Any CPU
	EndGlobalSection
	GlobalSection(SolutionProperties) = preSolution
		HideSolutionNode = FALSE
	EndGlobalSection
	GlobalSection(ExtensibilityGlobals) = postSolution
		SolutionGuid = {EFF1D91B-51B0-46AB-A6FE-147ABEE42EA6}
	EndGlobalSection
EndGlobal
